lockfileVersion: '9.0'

settings:
  autoInstallPeers: true
  excludeLinksFromLockfile: false

overrides:
  js-yaml: '>=4.3.2'
  sharp: '>=0.35.4'

importers:

  .:
    dependencies:
      '@hono/zod-validator':
        specifier: ^0.9.0
        version: 0.9.0(hono@4.13.3)(zod@4.4.3)
      drizzle-orm:
        specifier: ^0.45.2
        version: 0.45.2
      fflate:
        specifier: ^0.8.2
        version: 0.8.3
      hono:
        specifier: ^4.13.2
        version: 4.13.3
      zod:
        specifier: ^4.4.3
        version: 4.4.3
    devDependencies:
      '@cloudflare/vitest-pool-workers':
        specifier: ^0.21.2
        version: 0.21.3(@types/node@24.13.3)(@vitest/runner@4.1.11)(@vitest/snapshot@4.1.11)(vitest@4.1.11(@types/node@24.13.3)(vite@7.3.6(@types/node@24.13.3)(jiti@2.6.1)(lightningcss@1.33.0)(tsx@4.23.13)))
      '@commitlint/cli':
        specifier: ^19.8.1
        version: 19.8.1(@types/node@24.13.3)(typescript@5.9.3)
      '@commitlint/config-conventional':
        specifier: ^19.8.1
        version: 19.8.1
      '@types/node':
        specifier: ^24.10.1
        version: 24.13.3
      drizzle-kit:
        specifier: ^0.31.10
        version: 0.31.10
      lefthook:
        specifier: ^2.1.10
        version: 2.1.10
      prettier:
        specifier: ^3.6.2
        version: 3.9.6
      typescript:
        specifier: ^5.9.3
        version: 5.9.3
      vite:
        specifier: ^7.0.0
        version: 7.3.6(@types/node@24.13.3)(jiti@2.6.1)(lightningcss@1.33.0)(tsx@4.23.13)
      vitest:
        specifier: ^4.1.10
        version: 4.1.11(@types/node@24.13.3)(vite@7.3.6(@types/node@24.13.3)(jiti@2.6.1)(lightningcss@1.33.0)(tsx@4.23.13))
      wrangler:
        specifier: ^4.122.0
        version: 4.125.0(@types/node@24.13.3)
